// !$*UTF8*$!
{
	archiveVersion = 1;
	classes = {
	};
	objectVersion = 77;
	objects = {

/* Begin PBXContainerItemProxy section */
		F8426A8A2DE4ED7100C3E59B /* PBXContainerItemProxy */ = {
			isa = PBXContainerItemProxy;
			containerPortal = F8426A712DE4ED6F00C3E59B /* Project object */;
			proxyType = 1;
			remoteGlobalIDString = F8426A782DE4ED6F00C3E59B;
			remoteInfo = IOSConnect;
		};
		F8426A942DE4ED7100C3E59B /* PBXContainerItemProxy */ = {
			isa = PBXContainerItemProxy;
			containerPortal = F8426A712DE4ED6F00C3E59B /* Project object */;
			proxyType = 1;
			remoteGlobalIDString = F8426A782DE4ED6F00C3E59B;
			remoteInfo = IOSConnect;
		};
/* End PBXContainerItemProxy section */

/* Begin PBXFileReference section */
		F8426A792DE4ED6F00C3E59B /* IOSConnect.app */ = {isa = PBXFileReference; explicitFileType = wrapper.application; includeInIndex = 0; path = IOSConnect.app; sourceTree = BUILT_PRODUCTS_DIR; };
		F8426A892DE4ED7100C3E59B /* IOSConnectTests.xctest */ = {isa = PBXFileReference; explicitFileType = wrapper.cfbundle; includeInIndex = 0; path = IOSConnectTests.xctest; sourceTree = BUILT_PRODUCTS_DIR; };
		F8426A932DE4ED7100C3E59B /* IOSConnectUITests.xctest */ = {isa = PBXFileReference; explicitFileType = wrapper.cfbundle; includeInIndex = 0; path = IOSConnectUITests.xctest; sourceTree = BUILT_PRODUCTS_DIR; };
/* End PBXFileReference section */

/* Begin PBXFileSystemSynchronizedRootGroup section */
		F8426A7B2DE4ED6F00C3E59B /* IOSConnect */ = {
			isa = PBXFileSystemSynchronizedRootGroup;
			path = IOSConnect;
			sourceTree = "<group>";
		};
		F8426A8C2DE4ED7100C3E59B /* IOSConnectTests */ = {
			isa = PBXFileSystemSynchronizedRootGroup;
			path = IOSConnectTests;
			sourceTree = "<group>";
		};
		F8426A962DE4ED7100C3E59B /* IOSConnectUITests */ = {
			isa = PBXFileSystemSynchronizedRootGroup;
			path = IOSConnectUITests;
			sourceTree = "<group>";
		};
/* End PBXFileSystemSynchronizedRootGroup section */

/* Begin PBXFrameworksBuildPhase section */
		F8426A762DE4ED6F00C3E59B /* Frameworks */ = {
			isa = PBXFrameworksBuildPhase;
			buildActionMask = 2147483647;
			files = (
			);
			runOnlyForDeploymentPostprocessing = 0;
		};
		F8426A862DE4ED7100C3E59B /* Frameworks */ = {
			isa = PBXFrameworksBuildPhase;
			buildActionMask = 2147483647;
			files = (
			);
			runOnlyForDeploymentPostprocessing = 0;
		};
		F8426A902DE4ED7100C3E59B /* Frameworks */ = {
			isa = PBXFrameworksBuildPhase;
			buildActionMask = 2147483647;
			files = (
			);
			runOnlyForDeploymentPostprocessing = 0;
		};
/* End PBXFrameworksBuildPhase section */

/* Begin PBXGroup section */
		F8426A702DE4ED6F00C3E59B = {
			isa = PBXGroup;
			children = (
				F8426A7B2DE4ED6F00C3E59B /* IOSConnect */,
				F8426A8C2DE4ED7100C3E59B /* IOSConnectTests */,
				F8426A962DE4ED7100C3E59B /* IOSConnectUITests */,
				F8426A7A2DE4ED6F00C3E59B /* Products */,
			);
			sourceTree = "<group>";
		};
		F8426A7A2DE4ED6F00C3E59B /* Products */ = {
			isa = PBXGroup;
			children = (
				F8426A792DE4ED6F00C3E59B /* IOSConnect.app */,
				F8426A892DE4ED7100C3E59B /* IOSConnectTests.xctest */,
				F8426A932DE4ED7100C3E59B /* IOSConnectUITests.xctest */,
			);
			name = Products;
			sourceTree = "<group>";
		};
/* End PBXGroup section */

/* Begin PBXNativeTarget section */
		F8426A782DE4ED6F00C3E59B /* IOSConnect */ = {
			isa = PBXNativeTarget;
			buildConfigurationList = F8426A9D2DE4ED7100C3E59B /* Build configuration list for PBXNativeTarget "IOSConnect" */;
			buildPhases = (
				F8426A752DE4ED6F00C3E59B /* Sources */,
				F8426A762DE4ED6F00C3E59B /* Frameworks */,
				F8426A772DE4ED6F00C3E59B /* Resources */,
			);
			buildRules = (
			);
			dependencies = (
			);
			fileSystemSynchronizedGroups = (
				F8426A7B2DE4ED6F00C3E59B /* IOSConnect */,
			);
			name = IOSConnect;
			packageProductDependencies = (
			);
			productName = IOSConnect;
			productReference = F8426A792DE4ED6F00C3E59B /* IOSConnect.app */;
			productType = "com.apple.product-type.application";
		};
		F8426A882DE4ED7100C3E59B /* IOSConnectTests */ = {
			isa = PBXNativeTarget;
			buildConfigurationList = F8426AA02DE4ED7100C3E59B /* Build configuration list for PBXNativeTarget "IOSConnectTests" */;
			buildPhases = (
				F8426A852DE4ED7100C3E59B /* Sources */,
				F8426A862DE4ED7100C3E59B /* Frameworks */,
				F8426A872DE4ED7100C3E59B /* Resources */,
			);
			buildRules = (
			);
			dependencies = (
				F8426A8B2DE4ED7100C3E59B /* PBXTargetDependency */,
			);
			fileSystemSynchronizedGroups = (
				F8426A8C2DE4ED7100C3E59B /* IOSConnectTests */,
			);
			name = IOSConnectTests;
			packageProductDependencies = (
			);
			productName = IOSConnectTests;
			productReference = F8426A892DE4ED7100C3E59B /* IOSConnectTests.xctest */;
			productType = "com.apple.product-type.bundle.unit-test";
		};
		F8426A922DE4ED7100C3E59B /* IOSConnectUITests */ = {
			isa = PBXNativeTarget;
			buildConfigurationList = F8426AA32DE4ED7100C3E59B /* Build configuration list for PBXNativeTarget "IOSConnectUITests" */;
			buildPhases = (
				F8426A8F2DE4ED7100C3E59B /* Sources */,
				F8426A902DE4ED7100C3E59B /* Frameworks */,
				F8426A912DE4ED7100C3E59B /* Resources */,
			);
			buildRules = (
			);
			dependencies = (
				F8426A952DE4ED7100C3E59B /* PBXTargetDependency */,
			);
			fileSystemSynchronizedGroups = (
				F8426A962DE4ED7100C3E59B /* IOSConnectUITests */,
			);
			name = IOSConnectUITests;
			packageProductDependencies = (
			);
			productName = IOSConnectUITests;
			productReference = F8426A932DE4ED7100C3E59B /* IOSConnectUITests.xctest */;
			productType = "com.apple.product-type.bundle.ui-testing";
		};
/* End PBXNativeTarget section */

/* Begin PBXProject section */
		F8426A712DE4ED6F00C3E59B /* Project object */ = {
			isa = PBXProject;
			attributes = {
				BuildIndependentTargetsInParallel = 1;
				LastSwiftUpdateCheck = 1620;
				LastUpgradeCheck = 1620;
				TargetAttributes = {
					F8426A782DE4ED6F00C3E59B = {
						CreatedOnToolsVersion = 16.2;
						LastSwiftMigration = 1620;
					};
					F8426A882DE4ED7100C3E59B = {
						CreatedOnToolsVersion = 16.2;
						TestTargetID = F8426A782DE4ED6F00C3E59B;
					};
					F8426A922DE4ED7100C3E59B = {
						CreatedOnToolsVersion = 16.2;
						TestTargetID = F8426A782DE4ED6F00C3E59B;
					};
				};
			};
			buildConfigurationList = F8426A742DE4ED6F00C3E59B /* Build configuration list for PBXProject "IOSConnect" */;
			developmentRegion = en;
			hasScannedForEncodings = 0;
			knownRegions = (
				en,
				Base,
			);
			mainGroup = F8426A702DE4ED6F00C3E59B;
			minimizedProjectReferenceProxies = 1;
			preferredProjectObjectVersion = 77;
			productRefGroup = F8426A7A2DE4ED6F00C3E59B /* Products */;
			projectDirPath = "";
			projectRoot = "";
			targets = (
				F8426A782DE4ED6F00C3E59B /* IOSConnect */,
				F8426A882DE4ED7100C3E59B /* IOSConnectTests */,
				F8426A922DE4ED7100C3E59B /* IOSConnectUITests */,
			);
		};
/* End PBXProject section */

/* Begin PBXResourcesBuildPhase section */
		F8426A772DE4ED6F00C3E59B /* Resources */ = {
			isa = PBXResourcesBuildPhase;
			buildActionMask = 2147483647;
			files = (
			);
			runOnlyForDeploymentPostprocessing = 0;
		};
		F8426A872DE4ED7100C3E59B /* Resources */ = {
			isa = PBXResourcesBuildPhase;
			buildActionMask = 2147483647;
			files = (
			);
			runOnlyForDeploymentPostprocessing = 0;
		};
		F8426A912DE4ED7100C3E59B /* Resources */ = {
			isa = PBXResourcesBuildPhase;
			buildActionMask = 2147483647;
			files = (
			);
			runOnlyForDeploymentPostprocessing = 0;
		};
/* End PBXResourcesBuildPhase section */

/* Begin PBXSourcesBuildPhase section */
		F8426A752DE4ED6F00C3E59B /* Sources */ = {
			isa = PBXSourcesBuildPhase;
			buildActionMask = 2147483647;
			files = (
			);
			runOnlyForDeploymentPostprocessing = 0;
		};
		F8426A852DE4ED7100C3E59B /* Sources */ = {
			isa = PBXSourcesBuildPhase;
			buildActionMask = 2147483647;
			files = (
			);
			runOnlyForDeploymentPostprocessing = 0;
		};
		F8426A8F2DE4ED7100C3E59B /* Sources */ = {
			isa = PBXSourcesBuildPhase;
			buildActionMask = 2147483647;
			files = (
			);
			runOnlyForDeploymentPostprocessing = 0;
		};
/* End PBXSourcesBuildPhase section */

/* Begin PBXTargetDependency section */
		F8426A8B2DE4ED7100C3E59B /* PBXTargetDependency */ = {
			isa = PBXTargetDependency;
			target = F8426A782DE4ED6F00C3E59B /* IOSConnect */;
			targetProxy = F8426A8A2DE4ED7100C3E59B /* PBXContainerItemProxy */;
		};
		F8426A952DE4ED7100C3E59B /* PBXTargetDependency */ = {
			isa = PBXTargetDependency;
			target = F8426A782DE4ED6F00C3E59B /* IOSConnect */;
			targetProxy = F8426A942DE4ED7100C3E59B /* PBXContainerItemProxy */;
		};
/* End PBXTargetDependency section */

/* Begin XCBuildConfiguration section */
		F8426A9B2DE4ED7100C3E59B /* Debug */ = {
			isa = XCBuildConfiguration;
			buildSettings = {
				ALWAYS_SEARCH_USER_PATHS = NO;
				ASSETCATALOG_COMPILER_GENERATE_SWIFT_ASSET_SYMBOL_EXTENSIONS = YES;
				CLANG_ANALYZER_NONNULL = YES;
				CLANG_ANALYZER_NUMBER_OBJECT_CONVERSION = YES_AGGRESSIVE;
				CLANG_CXX_LANGUAGE_STANDARD = "gnu++20";
				CLANG_ENABLE_MODULES = YES;
				CLANG_ENABLE_OBJC_ARC = YES;
				CLANG_ENABLE_OBJC_WEAK = YES;
				CLANG_WARN_BLOCK_CAPTURE_AUTORELEASING = YES;
				CLANG_WARN_BOOL_CONVERSION = YES;
				CLANG_WARN_COMMA = YES;
				CLANG_WARN_CONSTANT_CONVERSION = YES;
				CLANG_WARN_DEPRECATED_OBJC_IMPLEMENTATIONS = YES;
				CLANG_WARN_DIRECT_OBJC_ISA_USAGE = YES_ERROR;
				CLANG_WARN_DOCUMENTATION_COMMENTS = YES;
				CLANG_WARN_EMPTY_BODY = YES;
				CLANG_WARN_ENUM_CONVERSION = YES;
				CLANG_WARN_INFINITE_RECURSION = YES;
				CLANG_WARN_INT_CONVERSION = YES;
				CLANG_WARN_NON_LITERAL_NULL_CONVERSION = YES;
				CLANG_WARN_OBJC_IMPLICIT_RETAIN_SELF = YES;
				CLANG_WARN_OBJC_LITERAL_CONVERSION = YES;
				CLANG_WARN_OBJC_ROOT_CLASS = YES_ERROR;
				CLANG_WARN_QUOTED_INCLUDE_IN_FRAMEWORK_HEADER = YES;
				CLANG_WARN_RANGE_LOOP_ANALYSIS = YES;
				CLANG_WARN_STRICT_PROTOTYPES = YES;
				CLANG_WARN_SUSPICIOUS_MOVE = YES;
				CLANG_WARN_UNGUARDED_AVAILABILITY = YES_AGGRESSIVE;
				CLANG_WARN_UNREACHABLE_CODE = YES;
				CLANG_WARN__DUPLICATE_METHOD_MATCH = YES;
				COPY_PHASE_STRIP = NO;
				DEBUG_INFORMATION_FORMAT = dwarf;
				ENABLE_STRICT_OBJC_MSGSEND = YES;
				ENABLE_TESTABILITY = YES;
				ENABLE_USER_SCRIPT_SANDBOXING = YES;
				GCC_C_LANGUAGE_STANDARD = gnu17;
				GCC_DYNAMIC_NO_PIC = NO;
				GCC_NO_COMMON_BLOCKS = YES;
				GCC_OPTIMIZATION_LEVEL = 0;
				GCC_PREPROCESSOR_DEFINITIONS = (
					"DEBUG=1",
					"$(inherited)",
				);
				GCC_WARN_64_TO_32_BIT_CONVERSION = YES;
				GCC_WARN_ABOUT_RETURN_TYPE = YES_ERROR;
				GCC_WARN_UNDECLARED_SELECTOR = YES;
				GCC_WARN_UNINITIALIZED_AUTOS = YES_AGGRESSIVE;
				GCC_WARN_UNUSED_FUNCTION = YES;
				GCC_WARN_UNUSED_VARIABLE = YES;
				IPHONEOS_DEPLOYMENT_TARGET = 18.2;
				LOCALIZATION_PREFERS_STRING_CATALOGS = YES;
				MTL_ENABLE_DEBUG_INFO = INCLUDE_SOURCE;
				MTL_FAST_MATH = YES;
				ONLY_ACTIVE_ARCH = YES;
				SDKROOT = iphoneos;
				SWIFT_ACTIVE_COMPILATION_CONDITIONS = "DEBUG $(inherited)";
				SWIFT_OPTIMIZATION_LEVEL = "-Onone";
			};
			name = Debug;
		};
		F8426A9C2DE4ED7100C3E59B /* Release */ = {
			isa = XCBuildConfiguration;
			buildSettings = {
				ALWAYS_SEARCH_USER_PATHS = NO;
				ASSETCATALOG_COMPILER_GENERATE_SWIFT_ASSET_SYMBOL_EXTENSIONS = YES;
				CLANG_ANALYZER_NONNULL = YES;
				CLANG_ANALYZER_NUMBER_OBJECT_CONVERSION = YES_AGGRESSIVE;
				CLANG_CXX_LANGUAGE_STANDARD = "gnu++20";
				CLANG_ENABLE_MODULES = YES;
				CLANG_ENABLE_OBJC_ARC = YES;
				CLANG_ENABLE_OBJC_WEAK = YES;
				CLANG_WARN_BLOCK_CAPTURE_AUTORELEASING = YES;
				CLANG_WARN_BOOL_CONVERSION = YES;
				CLANG_WARN_COMMA = YES;
				CLANG_WARN_CONSTANT_CONVERSION = YES;
				CLANG_WARN_DEPRECATED_OBJC_IMPLEMENTATIONS = YES;
				CLANG_WARN_DIRECT_OBJC_ISA_USAGE = YES_ERROR;
				CLANG_WARN_DOCUMENTATION_COMMENTS = YES;
				CLANG_WARN_EMPTY_BODY = YES;
				CLANG_WARN_ENUM_CONVERSION = YES;
				CLANG_WARN_INFINITE_RECURSION = YES;
				CLANG_WARN_INT_CONVERSION = YES;
				CLANG_WARN_NON_LITERAL_NULL_CONVERSION = YES;
				CLANG_WARN_OBJC_IMPLICIT_RETAIN_SELF = YES;
				CLANG_WARN_OBJC_LITERAL_CONVERSION = YES;
				CLANG_WARN_OBJC_ROOT_CLASS = YES_ERROR;
				CLANG_WARN_QUOTED_INCLUDE_IN_FRAMEWORK_HEADER = YES;
				CLANG_WARN_RANGE_LOOP_ANALYSIS = YES;
				CLANG_WARN_STRICT_PROTOTYPES = YES;
				CLANG_WARN_SUSPICIOUS_MOVE = YES;
				CLANG_WARN_UNGUARDED_AVAILABILITY = YES_AGGRESSIVE;
				CLANG_WARN_UNREACHABLE_CODE = YES;
				CLANG_WARN__DUPLICATE_METHOD_MATCH = YES;
				COPY_PHASE_STRIP = NO;
				DEBUG_INFORMATION_FORMAT = "dwarf-with-dsym";
				ENABLE_NS_ASSERTIONS = NO;
				ENABLE_STRICT_OBJC_MSGSEND = YES;
				ENABLE_USER_SCRIPT_SANDBOXING = YES;
				GCC_C_LANGUAGE_STANDARD = gnu17;
				GCC_NO_COMMON_BLOCKS = YES;
				GCC_WARN_64_TO_32_BIT_CONVERSION = YES;
				GCC_WARN_ABOUT_RETURN_TYPE = YES_ERROR;
				GCC_WARN_UNDECLARED_SELECTOR = YES;
				GCC_WARN_UNINITIALIZED_AUTOS = YES_AGGRESSIVE;
				GCC_WARN_UNUSED_FUNCTION = YES;
				GCC_WARN_UNUSED_VARIABLE = YES;
				IPHONEOS_DEPLOYMENT_TARGET = 18.2;
				LOCALIZATION_PREFERS_STRING_CATALOGS = YES;
				MTL_ENABLE_DEBUG_INFO = NO;
				MTL_FAST_MATH = YES;
				SDKROOT = iphoneos;
				SWIFT_COMPILATION_MODE = wholemodule;
				VALIDATE_PRODUCT = YES;
			};
			name = Release;
		};
		F8426A9E2DE4ED7100C3E59B /* Debug */ = {
			isa = XCBuildConfiguration;
			buildSettings = {
				ASSETCATALOG_COMPILER_APPICON_NAME = AppIcon;
				ASSETCATALOG_COMPILER_GLOBAL_ACCENT_COLOR_NAME = AccentColor;
				CLANG_ENABLE_MODULES = YES;
				CODE_SIGN_STYLE = Automatic;
				CURRENT_PROJECT_VERSION = 1;
				DEVELOPMENT_ASSET_PATHS = "\"IOSConnect/Preview Content\"";
				DEVELOPMENT_TEAM = 47FJ8X739L;
				ENABLE_PREVIEWS = YES;
				GENERATE_INFOPLIST_FILE = YES;
				INFOPLIST_KEY_UIApplicationSceneManifest_Generation = YES;
				INFOPLIST_KEY_UIApplicationSupportsIndirectInputEvents = YES;
				INFOPLIST_KEY_UILaunchScreen_Generation = YES;
				INFOPLIST_KEY_UISupportedInterfaceOrientations_iPad = "UIInterfaceOrientationPortrait UIInterfaceOrientationPortraitUpsideDown UIInterfaceOrientationLandscapeLeft UIInterfaceOrientationLandscapeRight";
				INFOPLIST_KEY_UISupportedInterfaceOrientations_iPhone = "UIInterfaceOrientationPortrait UIInterfaceOrientationLandscapeLeft UIInterfaceOrientationLandscapeRight";
				LD_RUNPATH_SEARCH_PATHS = (
					"$(inherited)",
					"@executable_path/Frameworks",
				);
				MARKETING_VERSION = 1.0;
				PRODUCT_BUNDLE_IDENTIFIER = VJT.IOSConnect;
				PRODUCT_NAME = "$(TARGET_NAME)";
				SWIFT_EMIT_LOC_STRINGS = YES;
				SWIFT_OBJC_BRIDGING_HEADER = "IOSConnect/IOSConnect-Bridging-Header.h";
				SWIFT_OPTIMIZATION_LEVEL = "-Onone";
				SWIFT_VERSION = 5.0;
				TARGETED_DEVICE_FAMILY = "1,2";
			};
			name = Debug;
		};
		F8426A9F2DE4ED7100C3E59B /* Release */ = {
			isa = XCBuildConfiguration;
			buildSettings = {
				ASSETCATALOG_COMPILER_APPICON_NAME = AppIcon;
				ASSETCATALOG_COMPILER_GLOBAL_ACCENT_COLOR_NAME = AccentColor;
				CLANG_ENABLE_MODULES = YES;
				CODE_SIGN_STYLE = Automatic;
				CURRENT_PROJECT_VERSION = 1;
				DEVELOPMENT_ASSET_PATHS = "\"IOSConnect/Preview Content\"";
				DEVELOPMENT_TEAM = 47FJ8X739L;
				ENABLE_PREVIEWS = YES;
				GENERATE_INFOPLIST_FILE = YES;
				INFOPLIST_KEY_UIApplicationSceneManifest_Generation = YES;
				INFOPLIST_KEY_UIApplicationSupportsIndirectInputEvents = YES;
				INFOPLIST_KEY_UILaunchScreen_Generation = YES;
				INFOPLIST_KEY_UISupportedInterfaceOrientations_iPad = "UIInterfaceOrientationPortrait UIInterfaceOrientationPortraitUpsideDown UIInterfaceOrientationLandscapeLeft UIInterfaceOrientationLandscapeRight";
				INFOPLIST_KEY_UISupportedInterfaceOrientations_iPhone = "UIInterfaceOrientationPortrait UIInterfaceOrientationLandscapeLeft UIInterfaceOrientationLandscapeRight";
				LD_RUNPATH_SEARCH_PATHS = (
					"$(inherited)",
					"@executable_path/Frameworks",
				);
				MARKETING_VERSION = 1.0;
				PRODUCT_BUNDLE_IDENTIFIER = VJT.IOSConnect;
				PRODUCT_NAME = "$(TARGET_NAME)";
				SWIFT_EMIT_LOC_STRINGS = YES;
				SWIFT_OBJC_BRIDGING_HEADER = "IOSConnect/IOSConnect-Bridging-Header.h";
				SWIFT_VERSION = 5.0;
				TARGETED_DEVICE_FAMILY = "1,2";
			};
			name = Release;
		};
		F8426AA12DE4ED7100C3E59B /* Debug */ = {
			isa = XCBuildConfiguration;
			buildSettings = {
				BUNDLE_LOADER = "$(TEST_HOST)";
				CODE_SIGN_STYLE = Automatic;
				CURRENT_PROJECT_VERSION = 1;
				DEVELOPMENT_TEAM = 47FJ8X739L;
				GENERATE_INFOPLIST_FILE = YES;
				IPHONEOS_DEPLOYMENT_TARGET = 18.2;
				MARKETING_VERSION = 1.0;
				PRODUCT_BUNDLE_IDENTIFIER = VJT.IOSConnectTests;
				PRODUCT_NAME = "$(TARGET_NAME)";
				SWIFT_EMIT_LOC_STRINGS = NO;
				SWIFT_VERSION = 5.0;
				TARGETED_DEVICE_FAMILY = "1,2";
				TEST_HOST = "$(BUILT_PRODUCTS_DIR)/IOSConnect.app/$(BUNDLE_EXECUTABLE_FOLDER_PATH)/IOSConnect";
			};
			name = Debug;
		};
		F8426AA22DE4ED7100C3E59B /* Release */ = {
			isa = XCBuildConfiguration;
			buildSettings = {
				BUNDLE_LOADER = "$(TEST_HOST)";
				CODE_SIGN_STYLE = Automatic;
				CURRENT_PROJECT_VERSION = 1;
				DEVELOPMENT_TEAM = 47FJ8X739L;
				GENERATE_INFOPLIST_FILE = YES;
				IPHONEOS_DEPLOYMENT_TARGET = 18.2;
				MARKETING_VERSION = 1.0;
				PRODUCT_BUNDLE_IDENTIFIER = VJT.IOSConnectTests;
				PRODUCT_NAME = "$(TARGET_NAME)";
				SWIFT_EMIT_LOC_STRINGS = NO;
				SWIFT_VERSION = 5.0;
				TARGETED_DEVICE_FAMILY = "1,2";
				TEST_HOST = "$(BUILT_PRODUCTS_DIR)/IOSConnect.app/$(BUNDLE_EXECUTABLE_FOLDER_PATH)/IOSConnect";
			};
			name = Release;
		};
		F8426AA42DE4ED7100C3E59B /* Debug */ = {
			isa = XCBuildConfiguration;
			buildSettings = {
				CODE_SIGN_STYLE = Automatic;
				CURRENT_PROJECT_VERSION = 1;
				DEVELOPMENT_TEAM = 47FJ8X739L;
				GENERATE_INFOPLIST_FILE = YES;
				MARKETING_VERSION = 1.0;
				PRODUCT_BUNDLE_IDENTIFIER = VJT.IOSConnectUITests;
				PRODUCT_NAME = "$(TARGET_NAME)";
				SWIFT_EMIT_LOC_STRINGS = NO;
				SWIFT_VERSION = 5.0;
				TARGETED_DEVICE_FAMILY = "1,2";
				TEST_TARGET_NAME = IOSConnect;
			};
			name = Debug;
		};
		F8426AA52DE4ED7100C3E59B /* Release */ = {
			isa = XCBuildConfiguration;
			buildSettings = {
				CODE_SIGN_STYLE = Automatic;
				CURRENT_PROJECT_VERSION = 1;
				DEVELOPMENT_TEAM = 47FJ8X739L;
				GENERATE_INFOPLIST_FILE = YES;
				MARKETING_VERSION = 1.0;
				PRODUCT_BUNDLE_IDENTIFIER = VJT.IOSConnectUITests;
				PRODUCT_NAME = "$(TARGET_NAME)";
				SWIFT_EMIT_LOC_STRINGS = NO;
				SWIFT_VERSION = 5.0;
				TARGETED_DEVICE_FAMILY = "1,2";
				TEST_TARGET_NAME = IOSConnect;
			};
			name = Release;
		};
/* End XCBuildConfiguration section */

/* Begin XCConfigurationList section */
		F8426A742DE4ED6F00C3E59B /* Build configuration list for PBXProject "IOSConnect" */ = {
			isa = XCConfigurationList;
			buildConfigurations = (
				F8426A9B2DE4ED7100C3E59B /* Debug */,
				F8426A9C2DE4ED7100C3E59B /* Release */,
			);
			defaultConfigurationIsVisible = 0;
			defaultConfigurationName = Release;
		};
		F8426A9D2DE4ED7100C3E59B /* Build configuration list for PBXNativeTarget "IOSConnect" */ = {
			isa = XCConfigurationList;
			buildConfigurations = (
				F8426A9E2DE4ED7100C3E59B /* Debug */,
				F8426A9F2DE4ED7100C3E59B /* Release */,
			);
			defaultConfigurationIsVisible = 0;
			defaultConfigurationName = Release;
		};
		F8426AA02DE4ED7100C3E59B /* Build configuration list for PBXNativeTarget "IOSConnectTests" */ = {
			isa = XCConfigurationList;
			buildConfigurations = (
				F8426AA12DE4ED7100C3E59B /* Debug */,
				F8426AA22DE4ED7100C3E59B /* Release */,
			);
			defaultConfigurationIsVisible = 0;
			defaultConfigurationName = Release;
		};
		F8426AA32DE4ED7100C3E59B /* Build configuration list for PBXNativeTarget "IOSConnectUITests" */ = {
			isa = XCConfigurationList;
			buildConfigurations = (
				F8426AA42DE4ED7100C3E59B /* Debug */,
				F8426AA52DE4ED7100C3E59B /* Release */,
			);
			defaultConfigurationIsVisible = 0;
			defaultConfigurationName = Release;
		};
/* End XCConfigurationList section */
	};
	rootObject = F8426A712DE4ED6F00C3E59B /* Project object */;
}
